
Microsoft Visual Studio Solution File, Format Version 12.00
# Visual Studio Version 16
VisualStudioVersion = 16.0.31624.102
MinimumVisualStudioVersion = 10.0.40219.1
Project("{FAE04EC0-301F-11D3-BF4B-00C04F79EFBC}") = "dos operaciones", "dos operaciones\dos operaciones.csproj", "{0336A574-A2AC-44B9-AE90-87FD20DDF749}"
EndProject
Global
	GlobalSection(SolutionConfigurationPlatforms) = preSolution
		Debug|Any CPU = Debug|Any CPU
		Release|Any CPU = Release|Any CPU
	EndGlobalSection
	GlobalSection(ProjectConfigurationPlatforms) = postSolution
		{0336A574-A2AC-44B9-AE90-87FD20DDF749}.Debug|Any CPU.ActiveCfg = Debug|Any CPU
		{0336A574-A2AC-44B9-AE90-87FD20DDF749}.Debug|Any CPU.Build.0 = Debug|Any CPU
		{0336A574-A2AC-44B9-AE90-87FD20DDF749}.Release|Any CPU.ActiveCfg = Release|Any CPU
		{0336A574-A2AC-44B9-AE90-87FD20DDF749}.Release|Any CPU.Build.0 = Release|Any CPU
	EndGlobalSection
	GlobalSection(SolutionProperties) = preSolution
		HideSolutionNode = FALSE
	EndGlobalSection
	GlobalSection(ExtensibilityGlobals) = postSolution
		SolutionGuid = {5755095D-6C68-4CAD-B12A-6D4E63D6003A}
	EndGlobalSection
EndGlobal
