
Microsoft Visual Studio Solution File, Format Version 12.00
# Visual Studio Version 16
VisualStudioVersion = 16.0.31624.102
MinimumVisualStudioVersion = 10.0.40219.1
Project("{FAE04EC0-301F-11D3-BF4B-00C04F79EFBC}") = "triangulos", "triangulos\triangulos.csproj", "{A067CC03-4E57-4CBD-B573-CDFB162C4CD5}"
EndProject
Global
	GlobalSection(SolutionConfigurationPlatforms) = preSolution
		Debug|Any CPU = Debug|Any CPU
		Release|Any CPU = Release|Any CPU
	EndGlobalSection
	GlobalSection(ProjectConfigurationPlatforms) = postSolution
		{A067CC03-4E57-4CBD-B573-CDFB162C4CD5}.Debug|Any CPU.ActiveCfg = Debug|Any CPU
		{A067CC03-4E57-4CBD-B573-CDFB162C4CD5}.Debug|Any CPU.Build.0 = Debug|Any CPU
		{A067CC03-4E57-4CBD-B573-CDFB162C4CD5}.Release|Any CPU.ActiveCfg = Release|Any CPU
		{A067CC03-4E57-4CBD-B573-CDFB162C4CD5}.Release|Any CPU.Build.0 = Release|Any CPU
	EndGlobalSection
	GlobalSection(SolutionProperties) = preSolution
		HideSolutionNode = FALSE
	EndGlobalSection
	GlobalSection(ExtensibilityGlobals) = postSolution
		SolutionGuid = {EE333D9E-A29D-459F-A082-8B447B93F4C3}
	EndGlobalSection
EndGlobal
