
Microsoft Visual Studio Solution File, Format Version 12.00
# Visual Studio Version 16
VisualStudioVersion = 16.0.31624.102
MinimumVisualStudioVersion = 10.0.40219.1
Project("{FAE04EC0-301F-11D3-BF4B-00C04F79EFBC}") = "INVERTIR NÚMERO DE TRES CIFRAS", "INVERTIR NÚMERO DE TRES CIFRAS\INVERTIR NÚMERO DE TRES CIFRAS.csproj", "{F8FFDBEE-3A14-412A-B1FC-12B1CA572BC0}"
EndProject
Global
	GlobalSection(SolutionConfigurationPlatforms) = preSolution
		Debug|Any CPU = Debug|Any CPU
		Release|Any CPU = Release|Any CPU
	EndGlobalSection
	GlobalSection(ProjectConfigurationPlatforms) = postSolution
		{F8FFDBEE-3A14-412A-B1FC-12B1CA572BC0}.Debug|Any CPU.ActiveCfg = Debug|Any CPU
		{F8FFDBEE-3A14-412A-B1FC-12B1CA572BC0}.Debug|Any CPU.Build.0 = Debug|Any CPU
		{F8FFDBEE-3A14-412A-B1FC-12B1CA572BC0}.Release|Any CPU.ActiveCfg = Release|Any CPU
		{F8FFDBEE-3A14-412A-B1FC-12B1CA572BC0}.Release|Any CPU.Build.0 = Release|Any CPU
	EndGlobalSection
	GlobalSection(SolutionProperties) = preSolution
		HideSolutionNode = FALSE
	EndGlobalSection
	GlobalSection(ExtensibilityGlobals) = postSolution
		SolutionGuid = {2B57969A-04A7-44EB-A455-2C3F81DE3F1E}
	EndGlobalSection
EndGlobal
