
Microsoft Visual Studio Solution File, Format Version 12.00
# Visual Studio Version 16
VisualStudioVersion = 16.0.31624.102
MinimumVisualStudioVersion = 10.0.40219.1
Project("{FAE04EC0-301F-11D3-BF4B-00C04F79EFBC}") = "bono empleado por hijo", "bono empleado por hijo\bono empleado por hijo.csproj", "{F88811F0-AE0F-4327-AAF4-DA8BC05969BB}"
EndProject
Global
	GlobalSection(SolutionConfigurationPlatforms) = preSolution
		Debug|Any CPU = Debug|Any CPU
		Release|Any CPU = Release|Any CPU
	EndGlobalSection
	GlobalSection(ProjectConfigurationPlatforms) = postSolution
		{F88811F0-AE0F-4327-AAF4-DA8BC05969BB}.Debug|Any CPU.ActiveCfg = Debug|Any CPU
		{F88811F0-AE0F-4327-AAF4-DA8BC05969BB}.Debug|Any CPU.Build.0 = Debug|Any CPU
		{F88811F0-AE0F-4327-AAF4-DA8BC05969BB}.Release|Any CPU.ActiveCfg = Release|Any CPU
		{F88811F0-AE0F-4327-AAF4-DA8BC05969BB}.Release|Any CPU.Build.0 = Release|Any CPU
	EndGlobalSection
	GlobalSection(SolutionProperties) = preSolution
		HideSolutionNode = FALSE
	EndGlobalSection
	GlobalSection(ExtensibilityGlobals) = postSolution
		SolutionGuid = {5C0A3B81-099B-4D4F-9F81-CFB2E460FB30}
	EndGlobalSection
EndGlobal
