
Microsoft Visual Studio Solution File, Format Version 12.00
# Visual Studio Version 16
VisualStudioVersion = 16.0.31624.102
MinimumVisualStudioVersion = 10.0.40219.1
Project("{FAE04EC0-301F-11D3-BF4B-00C04F79EFBC}") = "holanombre", "holanombre\holanombre.csproj", "{302E2669-1F1D-44D6-897B-EA6C0652455C}"
EndProject
Global
	GlobalSection(SolutionConfigurationPlatforms) = preSolution
		Debug|Any CPU = Debug|Any CPU
		Release|Any CPU = Release|Any CPU
	EndGlobalSection
	GlobalSection(ProjectConfigurationPlatforms) = postSolution
		{302E2669-1F1D-44D6-897B-EA6C0652455C}.Debug|Any CPU.ActiveCfg = Debug|Any CPU
		{302E2669-1F1D-44D6-897B-EA6C0652455C}.Debug|Any CPU.Build.0 = Debug|Any CPU
		{302E2669-1F1D-44D6-897B-EA6C0652455C}.Release|Any CPU.ActiveCfg = Release|Any CPU
		{302E2669-1F1D-44D6-897B-EA6C0652455C}.Release|Any CPU.Build.0 = Release|Any CPU
	EndGlobalSection
	GlobalSection(SolutionProperties) = preSolution
		HideSolutionNode = FALSE
	EndGlobalSection
	GlobalSection(ExtensibilityGlobals) = postSolution
		SolutionGuid = {C440DBD9-D1EE-4C4C-A4F1-AB0492250072}
	EndGlobalSection
EndGlobal
